{
  "name": "sweeper-mpp",
  "version": "0.0.0",
  "lockfileVersion": 1,
  "requires": true,
  "dependencies": {
    "agent-base": {
      "version": "4.2.1",
      "resolved": "https://registry.npmjs.org/agent-base/-/agent-base-4.2.1.tgz",
      "integrity": "sha512-JVwXMr9nHYTUXsBFKUqhJwvlcYU/blreOEUkhNR2eXZIvwd+c+o5V4MgDPKWnMS/56awN3TRzIP+KoPn+roQtg==",
      "requires": {
        "es6-promisify": "5.0.0"
      }
    },
    "async-limiter": {
      "version": "1.0.0",
      "resolved": "https://registry.npmjs.org/async-limiter/-/async-limiter-1.0.0.tgz",
      "integrity": "sha512-jp/uFnooOiO+L211eZOoSyzpOITMXx1rBITauYykG3BRYPu8h0UcxsPNB04RR5vo4Tyz3+ay17tR6JVf9qzYWg=="
    },
    "debug": {
      "version": "3.2.5",
      "resolved": "https://registry.npmjs.org/debug/-/debug-3.2.5.tgz",
      "integrity": "sha512-D61LaDQPQkxJ5AUM2mbSJRbPkNs/TmdmOeLAi1hgDkpDfIfetSrjmWhccwtuResSwMbACjx/xXQofvM9CE/aeg==",
      "requires": {
        "ms": "2.1.1"
      }
    },
    "discord.js": {
      "version": "11.4.2",
      "resolved": "https://registry.npmjs.org/discord.js/-/discord.js-11.4.2.tgz",
      "integrity": "sha512-MDwpu0lMFTjqomijDl1Ed9miMQe6kB4ifKdP28QZllmLv/HVOJXhatRgjS8urp/wBlOfx+qAYSXcdI5cKGYsfg==",
      "requires": {
        "long": "4.0.0",
        "prism-media": "0.0.3",
        "snekfetch": "3.6.4",
        "tweetnacl": "1.0.0",
        "ws": "4.1.0"
      },
      "dependencies": {
        "ws": {
          "version": "4.1.0",
          "resolved": "https://registry.npmjs.org/ws/-/ws-4.1.0.tgz",
          "integrity": "sha512-ZGh/8kF9rrRNffkLFV4AzhvooEclrOH0xaugmqGsIfFgOE/pIz4fMc4Ef+5HSQqTEug2S9JZIWDR47duDSLfaA==",
          "requires": {
            "async-limiter": "1.0.0",
            "safe-buffer": "5.1.2"
          }
        }
      }
    },
    "es6-promise": {
      "version": "4.2.5",
      "resolved": "https://registry.npmjs.org/es6-promise/-/es6-promise-4.2.5.tgz",
      "integrity": "sha512-n6wvpdE43VFtJq+lUDYDBFUwV8TZbuGXLV4D6wKafg13ldznKsyEvatubnmUe31zcvelSzOHF+XbaT+Bl9ObDg=="
    },
    "es6-promisify": {
      "version": "5.0.0",
      "resolved": "https://registry.npmjs.org/es6-promisify/-/es6-promisify-5.0.0.tgz",
      "integrity": "sha1-UQnWLz5W6pZ8S2NQWu8IKRyKUgM=",
      "requires": {
        "es6-promise": "4.2.5"
      }
    },
    "https-proxy-agent": {
      "version": "2.2.1",
      "resolved": "https://registry.npmjs.org/https-proxy-agent/-/https-proxy-agent-2.2.1.tgz",
      "integrity": "sha512-HPCTS1LW51bcyMYbxUIOO4HEOlQ1/1qRaFWcyxvwaqUS9TY88aoEuHUY33kuAh1YhVVaDQhLZsnPd+XNARWZlQ==",
      "requires": {
        "agent-base": "4.2.1",
        "debug": "3.2.5"
      }
    },
    "ip": {
      "version": "1.1.5",
      "resolved": "https://registry.npmjs.org/ip/-/ip-1.1.5.tgz",
      "integrity": "sha1-vd7XARQpCCjAoDnnLvJfWq7ENUo="
    },
    "long": {
      "version": "4.0.0",
      "resolved": "https://registry.npmjs.org/long/-/long-4.0.0.tgz",
      "integrity": "sha512-XsP+KhQif4bjX1kbuSiySJFNAehNxgLb6hPRGJ9QsUr8ajHkuXGdrHmFUTUUXhDwVX2R5bY4JNZEwbUiMhV+MA=="
    },
    "mpp-client-xt": {
      "version": "1.1.0",
      "resolved": "https://registry.npmjs.org/mpp-client-xt/-/mpp-client-xt-1.1.0.tgz",
      "integrity": "sha512-6B60OpTZztY7MKKEGkU6yRqlMcPVR2cdZoX8F6FgwffiZrLDD7ZE1D0qRQPzWWEQvZUECEVkkHNFF0eSVhWRoQ==",
      "requires": {
        "https-proxy-agent": "2.2.1",
        "socks-proxy-agent": "4.0.1",
        "ws": "5.2.2"
      }
    },
    "ms": {
      "version": "2.1.1",
      "resolved": "https://registry.npmjs.org/ms/-/ms-2.1.1.tgz",
      "integrity": "sha512-tgp+dl5cGk28utYktBsrFqA7HKgrhgPsg6Z/EfhWI4gl1Hwq8B/GmY/0oXZ6nF8hDVesS/FpnYaD/kOWhYQvyg=="
    },
    "prism-media": {
      "version": "0.0.3",
      "resolved": "https://registry.npmjs.org/prism-media/-/prism-media-0.0.3.tgz",
      "integrity": "sha512-c9KkNifSMU/iXT8FFTaBwBMr+rdVcN+H/uNv1o+CuFeTThNZNTOrQ+RgXA1yL/DeLk098duAeRPP3QNPNbhxYQ=="
    },
    "safe-buffer": {
      "version": "5.1.2",
      "resolved": "https://registry.npmjs.org/safe-buffer/-/safe-buffer-5.1.2.tgz",
      "integrity": "sha512-Gd2UZBJDkXlY7GbJxfsE8/nvKkUEU1G38c1siN6QP6a9PT9MmHB8GnpscSmMJSoF8LOIrt8ud/wPtojys4G6+g=="
    },
    "smart-buffer": {
      "version": "4.0.1",
      "resolved": "https://registry.npmjs.org/smart-buffer/-/smart-buffer-4.0.1.tgz",
      "integrity": "sha512-RFqinRVJVcCAL9Uh1oVqE6FZkqsyLiVOYEZ20TqIOjuX7iFVJ+zsbs4RIghnw/pTs7mZvt8ZHhvm1ZUrR4fykg=="
    },
    "snekfetch": {
      "version": "3.6.4",
      "resolved": "https://registry.npmjs.org/snekfetch/-/snekfetch-3.6.4.tgz",
      "integrity": "sha512-NjxjITIj04Ffqid5lqr7XdgwM7X61c/Dns073Ly170bPQHLm6jkmelye/eglS++1nfTWktpP6Y2bFXjdPlQqdw=="
    },
    "socks": {
      "version": "2.2.1",
      "resolved": "https://registry.npmjs.org/socks/-/socks-2.2.1.tgz",
      "integrity": "sha512-0GabKw7n9mI46vcNrVfs0o6XzWzjVa3h6GaSo2UPxtWAROXUWavfJWh1M4PR5tnE0dcnQXZIDFP4yrAysLze/w==",
      "requires": {
        "ip": "1.1.5",
        "smart-buffer": "4.0.1"
      }
    },
    "socks-proxy-agent": {
      "version": "4.0.1",
      "resolved": "https://registry.npmjs.org/socks-proxy-agent/-/socks-proxy-agent-4.0.1.tgz",
      "integrity": "sha512-Kezx6/VBguXOsEe5oU3lXYyKMi4+gva72TwJ7pQY5JfqUx2nMk7NXA6z/mpNqIlfQjWYVfeuNvQjexiTaTn6Nw==",
      "requires": {
        "agent-base": "4.2.1",
        "socks": "2.2.1"
      }
    },
    "tweetnacl": {
      "version": "1.0.0",
      "resolved": "https://registry.npmjs.org/tweetnacl/-/tweetnacl-1.0.0.tgz",
      "integrity": "sha1-cT2LgY2kIGh0C/aDhtBHnmb8ins="
    },
    "ws": {
      "version": "5.2.2",
      "resolved": "https://registry.npmjs.org/ws/-/ws-5.2.2.tgz",
      "integrity": "sha512-jaHFD6PFv6UgoIVda6qZllptQsMlDEJkTQcybzzXDYM1XO9Y8em691FGMPmM46WGyLU4z9KMgQN+qrux/nhlHA==",
      "requires": {
        "async-limiter": "1.0.0"
      }
    }
  }
}
